<?xml version="1.0" encoding="utf-8"?>
<Project ToolsVersion="4.0" xmlns="http://schemas.microsoft.com/developer/msbuild/2003">
  <ItemGroup>
    <ClCompile Include="src\main.cpp">
      <Filter>src</Filter>
    </ClCompile>
    <ClCompile Include="..\..\addons\ofxBox2d\src\ofxBox2d.cpp">
      <Filter>addons\ofxBox2d\src</Filter>
    </ClCompile>
    <ClCompile Include="..\..\addons\ofxBox2d\src\ofxBox2dBaseShape.cpp">
      <Filter>addons\ofxBox2d\src</Filter>
    </ClCompile>
    <ClCompile Include="..\..\addons\ofxBox2d\src\ofxBox2dCircle.cpp">
      <Filter>addons\ofxBox2d\src</Filter>
    </ClCompile>
    <ClCompile Include="..\..\addons\ofxBox2d\src\ofxBox2dConvexPoly.cpp">
      <Filter>addons\ofxBox2d\src</Filter>
    </ClCompile>
    <ClCompile Include="..\..\addons\ofxBox2d\src\ofxBox2dEdge.cpp">
      <Filter>addons\ofxBox2d\src</Filter>
    </ClCompile>
    <ClCompile Include="..\..\addons\ofxBox2d\src\ofxBox2dJoint.cpp">
      <Filter>addons\ofxBox2d\src</Filter>
    </ClCompile>
    <ClCompile Include="..\..\addons\ofxBox2d\src\ofxBox2dPolygon.cpp">
      <Filter>addons\ofxBox2d\src</Filter>
    </ClCompile>
    <ClCompile Include="..\..\addons\ofxBox2d\src\ofxBox2dRect.cpp">
      <Filter>addons\ofxBox2d\src</Filter>
    </ClCompile>
    <ClCompile Include="..\..\addons\ofxBox2d\libs\Box2D\Collision\b2BroadPhase.cpp">
      <Filter>addons\ofxBox2d\libs\Box2D\Collision</Filter>
    </ClCompile>
    <ClCompile Include="..\..\addons\ofxBox2d\libs\Box2D\Collision\b2CollideCircle.cpp">
      <Filter>addons\ofxBox2d\libs\Box2D\Collision</Filter>
    </ClCompile>
    <ClCompile Include="..\..\addons\ofxBox2d\libs\Box2D\Collision\b2CollideEdge.cpp">
      <Filter>addons\ofxBox2d\libs\Box2D\Collision</Filter>
    </ClCompile>
    <ClCompile Include="..\..\addons\ofxBox2d\libs\Box2D\Collision\b2CollidePolygon.cpp">
      <Filter>addons\ofxBox2d\libs\Box2D\Collision</Filter>
    </ClCompile>
    <ClCompile Include="..\..\addons\ofxBox2d\libs\Box2D\Collision\b2Collision.cpp">
      <Filter>addons\ofxBox2d\libs\Box2D\Collision</Filter>
    </ClCompile>
    <ClCompile Include="..\..\addons\ofxBox2d\libs\Box2D\Collision\b2Distance.cpp">
      <Filter>addons\ofxBox2d\libs\Box2D\Collision</Filter>
    </ClCompile>
    <ClCompile Include="..\..\addons\ofxBox2d\libs\Box2D\Collision\b2DynamicTree.cpp">
      <Filter>addons\ofxBox2d\libs\Box2D\Collision</Filter>
    </ClCompile>
    <ClCompile Include="..\..\addons\ofxBox2d\libs\Box2D\Collision\b2TimeOfImpact.cpp">
      <Filter>addons\ofxBox2d\libs\Box2D\Collision</Filter>
    </ClCompile>
    <ClCompile Include="..\..\addons\ofxBox2d\libs\Box2D\Collision\Shapes\b2ChainShape.cpp">
      <Filter>addons\ofxBox2d\libs\Box2D\Collision\Shapes</Filter>
    </ClCompile>
    <ClCompile Include="..\..\addons\ofxBox2d\libs\Box2D\Collision\Shapes\b2CircleShape.cpp">
      <Filter>addons\ofxBox2d\libs\Box2D\Collision\Shapes</Filter>
    </ClCompile>
    <ClCompile Include="..\..\addons\ofxBox2d\libs\Box2D\Collision\Shapes\b2EdgeShape.cpp">
      <Filter>addons\ofxBox2d\libs\Box2D\Collision\Shapes</Filter>
    </ClCompile>
    <ClCompile Include="..\..\addons\ofxBox2d\libs\Box2D\Collision\Shapes\b2PolygonShape.cpp">
      <Filter>addons\ofxBox2d\libs\Box2D\Collision\Shapes</Filter>
    </ClCompile>
    <ClCompile Include="..\..\addons\ofxBox2d\libs\Box2D\Common\b2BlockAllocator.cpp">
      <Filter>addons\ofxBox2d\libs\Box2D\Common</Filter>
    </ClCompile>
    <ClCompile Include="..\..\addons\ofxBox2d\libs\Box2D\Common\b2Draw.cpp">
      <Filter>addons\ofxBox2d\libs\Box2D\Common</Filter>
    </ClCompile>
    <ClCompile Include="..\..\addons\ofxBox2d\libs\Box2D\Common\b2Math.cpp">
      <Filter>addons\ofxBox2d\libs\Box2D\Common</Filter>
    </ClCompile>
    <ClCompile Include="..\..\addons\ofxBox2d\libs\Box2D\Common\b2Settings.cpp">
      <Filter>addons\ofxBox2d\libs\Box2D\Common</Filter>
    </ClCompile>
    <ClCompile Include="..\..\addons\ofxBox2d\libs\Box2D\Common\b2StackAllocator.cpp">
      <Filter>addons\ofxBox2d\libs\Box2D\Common</Filter>
    </ClCompile>
    <ClCompile Include="..\..\addons\ofxBox2d\libs\Box2D\Common\b2Timer.cpp">
      <Filter>addons\ofxBox2d\libs\Box2D\Common</Filter>
    </ClCompile>
    <ClCompile Include="..\..\addons\ofxBox2d\libs\Box2D\Dynamics\b2Body.cpp">
      <Filter>addons\ofxBox2d\libs\Box2D\Dynamics</Filter>
    </ClCompile>
    <ClCompile Include="..\..\addons\ofxBox2d\libs\Box2D\Dynamics\b2ContactManager.cpp">
      <Filter>addons\ofxBox2d\libs\Box2D\Dynamics</Filter>
    </ClCompile>
    <ClCompile Include="..\..\addons\ofxBox2d\libs\Box2D\Dynamics\b2Fixture.cpp">
      <Filter>addons\ofxBox2d\libs\Box2D\Dynamics</Filter>
    </ClCompile>
    <ClCompile Include="..\..\addons\ofxBox2d\libs\Box2D\Dynamics\b2Island.cpp">
      <Filter>addons\ofxBox2d\libs\Box2D\Dynamics</Filter>
    </ClCompile>
    <ClCompile Include="..\..\addons\ofxBox2d\libs\Box2D\Dynamics\b2World.cpp">
      <Filter>addons\ofxBox2d\libs\Box2D\Dynamics</Filter>
    </ClCompile>
    <ClCompile Include="..\..\addons\ofxBox2d\libs\Box2D\Dynamics\b2WorldCallbacks.cpp">
      <Filter>addons\ofxBox2d\libs\Box2D\Dynamics</Filter>
    </ClCompile>
    <ClCompile Include="..\..\addons\ofxBox2d\libs\Box2D\Dynamics\Contacts\b2ChainAndCircleContact.cpp">
      <Filter>addons\ofxBox2d\libs\Box2D\Dynamics\Contacts</Filter>
    </ClCompile>
    <ClCompile Include="..\..\addons\ofxBox2d\libs\Box2D\Dynamics\Contacts\b2ChainAndPolygonContact.cpp">
      <Filter>addons\ofxBox2d\libs\Box2D\Dynamics\Contacts</Filter>
    </ClCompile>
    <ClCompile Include="..\..\addons\ofxBox2d\libs\Box2D\Dynamics\Contacts\b2CircleContact.cpp">
      <Filter>addons\ofxBox2d\libs\Box2D\Dynamics\Contacts</Filter>
    </ClCompile>
    <ClCompile Include="..\..\addons\ofxBox2d\libs\Box2D\Dynamics\Contacts\b2Contact.cpp">
      <Filter>addons\ofxBox2d\libs\Box2D\Dynamics\Contacts</Filter>
    </ClCompile>
    <ClCompile Include="..\..\addons\ofxBox2d\libs\Box2D\Dynamics\Contacts\b2ContactSolver.cpp">
      <Filter>addons\ofxBox2d\libs\Box2D\Dynamics\Contacts</Filter>
    </ClCompile>
    <ClCompile Include="..\..\addons\ofxBox2d\libs\Box2D\Dynamics\Contacts\b2EdgeAndCircleContact.cpp">
      <Filter>addons\ofxBox2d\libs\Box2D\Dynamics\Contacts</Filter>
    </ClCompile>
    <ClCompile Include="..\..\addons\ofxBox2d\libs\Box2D\Dynamics\Contacts\b2EdgeAndPolygonContact.cpp">
      <Filter>addons\ofxBox2d\libs\Box2D\Dynamics\Contacts</Filter>
    </ClCompile>
    <ClCompile Include="..\..\addons\ofxBox2d\libs\Box2D\Dynamics\Contacts\b2PolygonAndCircleContact.cpp">
      <Filter>addons\ofxBox2d\libs\Box2D\Dynamics\Contacts</Filter>
    </ClCompile>
    <ClCompile Include="..\..\addons\ofxBox2d\libs\Box2D\Dynamics\Contacts\b2PolygonContact.cpp">
      <Filter>addons\ofxBox2d\libs\Box2D\Dynamics\Contacts</Filter>
    </ClCompile>
    <ClCompile Include="..\..\addons\ofxBox2d\libs\Box2D\Dynamics\Joints\b2DistanceJoint.cpp">
      <Filter>addons\ofxBox2d\libs\Box2D\Dynamics\Joints</Filter>
    </ClCompile>
    <ClCompile Include="..\..\addons\ofxBox2d\libs\Box2D\Dynamics\Joints\b2FrictionJoint.cpp">
      <Filter>addons\ofxBox2d\libs\Box2D\Dynamics\Joints</Filter>
    </ClCompile>
    <ClCompile Include="..\..\addons\ofxBox2d\libs\Box2D\Dynamics\Joints\b2GearJoint.cpp">
      <Filter>addons\ofxBox2d\libs\Box2D\Dynamics\Joints</Filter>
    </ClCompile>
    <ClCompile Include="..\..\addons\ofxBox2d\libs\Box2D\Dynamics\Joints\b2Joint.cpp">
      <Filter>addons\ofxBox2d\libs\Box2D\Dynamics\Joints</Filter>
    </ClCompile>
    <ClCompile Include="..\..\addons\ofxBox2d\libs\Box2D\Dynamics\Joints\b2MotorJoint.cpp">
      <Filter>addons\ofxBox2d\libs\Box2D\Dynamics\Joints</Filter>
    </ClCompile>
    <ClCompile Include="..\..\addons\ofxBox2d\libs\Box2D\Dynamics\Joints\b2MouseJoint.cpp">
      <Filter>addons\ofxBox2d\libs\Box2D\Dynamics\Joints</Filter>
    </ClCompile>
    <ClCompile Include="..\..\addons\ofxBox2d\libs\Box2D\Dynamics\Joints\b2PrismaticJoint.cpp">
      <Filter>addons\ofxBox2d\libs\Box2D\Dynamics\Joints</Filter>
    </ClCompile>
    <ClCompile Include="..\..\addons\ofxBox2d\libs\Box2D\Dynamics\Joints\b2PulleyJoint.cpp">
      <Filter>addons\ofxBox2d\libs\Box2D\Dynamics\Joints</Filter>
    </ClCompile>
    <ClCompile Include="..\..\addons\ofxBox2d\libs\Box2D\Dynamics\Joints\b2RevoluteJoint.cpp">
      <Filter>addons\ofxBox2d\libs\Box2D\Dynamics\Joints</Filter>
    </ClCompile>
    <ClCompile Include="..\..\addons\ofxBox2d\libs\Box2D\Dynamics\Joints\b2RopeJoint.cpp">
      <Filter>addons\ofxBox2d\libs\Box2D\Dynamics\Joints</Filter>
    </ClCompile>
    <ClCompile Include="..\..\addons\ofxBox2d\libs\Box2D\Dynamics\Joints\b2WeldJoint.cpp">
      <Filter>addons\ofxBox2d\libs\Box2D\Dynamics\Joints</Filter>
    </ClCompile>
    <ClCompile Include="..\..\addons\ofxBox2d\libs\Box2D\Dynamics\Joints\b2WheelJoint.cpp">
      <Filter>addons\ofxBox2d\libs\Box2D\Dynamics\Joints</Filter>
    </ClCompile>
    <ClCompile Include="..\..\addons\ofxBox2d\libs\Box2D\Rope\b2Rope.cpp">
      <Filter>addons\ofxBox2d\libs\Box2D\Rope</Filter>
    </ClCompile>
    <ClCompile Include="..\..\addons\ofxBox2d\libs\triangle\del_impl.cpp">
      <Filter>addons\ofxBox2d\libs\triangle</Filter>
    </ClCompile>
    <ClCompile Include="..\..\addons\ofxDirList\src\ofxDirList.cpp">
      <Filter>addons\ofxDirList\src</Filter>
    </ClCompile>
    <ClCompile Include="..\..\addons\ofxOpenCv\src\ofxCvColorImage.cpp">
      <Filter>addons\ofxOpenCv\src</Filter>
    </ClCompile>
    <ClCompile Include="..\..\addons\ofxOpenCv\src\ofxCvContourFinder.cpp">
      <Filter>addons\ofxOpenCv\src</Filter>
    </ClCompile>
    <ClCompile Include="..\..\addons\ofxOpenCv\src\ofxCvFloatImage.cpp">
      <Filter>addons\ofxOpenCv\src</Filter>
    </ClCompile>
    <ClCompile Include="..\..\addons\ofxOpenCv\src\ofxCvGrayscaleImage.cpp">
      <Filter>addons\ofxOpenCv\src</Filter>
    </ClCompile>
    <ClCompile Include="..\..\addons\ofxOpenCv\src\ofxCvHaarFinder.cpp">
      <Filter>addons\ofxOpenCv\src</Filter>
    </ClCompile>
    <ClCompile Include="..\..\addons\ofxOpenCv\src\ofxCvImage.cpp">
      <Filter>addons\ofxOpenCv\src</Filter>
    </ClCompile>
    <ClCompile Include="..\..\addons\ofxOpenCv\src\ofxCvShortImage.cpp">
      <Filter>addons\ofxOpenCv\src</Filter>
    </ClCompile>
    <ClCompile Include="..\..\addons\ofxVectorMath\src\ofxMatrix3x3.cpp">
      <Filter>addons\ofxVectorMath\src</Filter>
    </ClCompile>
    <ClCompile Include="src-app\pbBinaryDenoiser.cpp">
      <Filter>src</Filter>
    </ClCompile>
    <ClCompile Include="src-app\pbForeground.cpp">
      <Filter>src</Filter>
    </ClCompile>
    <ClCompile Include="src-app\pbForegroundImpl.cpp">
      <Filter>src</Filter>
    </ClCompile>
    <ClCompile Include="src-app\PhysicsWorld.cpp">
      <Filter>src</Filter>
    </ClCompile>
    <ClCompile Include="src-app\App.cpp">
      <Filter>src</Filter>
    </ClCompile>
    <ClCompile Include="src-app\FindContours.cpp">
      <Filter>src</Filter>
    </ClCompile>
    <ClCompile Include="src\testApp.cpp">
      <Filter>src</Filter>
    </ClCompile>
    <ClCompile Include="src\playbat-common\pbCameraCalibrate.cpp">
      <Filter>src\calibrate</Filter>
    </ClCompile>
    <ClCompile Include="src\playbat-common\pbCalibrateRender.cpp">
      <Filter>src\calibrate</Filter>
    </ClCompile>
    <ClCompile Include="src\common\parsing.cpp">
      <Filter>src\common</Filter>
    </ClCompile>
    <ClCompile Include="src\common\pbFiles.cpp">
      <Filter>src\common</Filter>
    </ClCompile>
    <ClCompile Include="src\common\converter.cpp">
      <Filter>src\common</Filter>
    </ClCompile>
    <ClCompile Include="src\videograbber\pbVideoCallback.cpp">
      <Filter>src\videograbber</Filter>
    </ClCompile>
    <ClCompile Include="src\videograbber\pbVideoGrabber.cpp">
      <Filter>src\videograbber</Filter>
    </ClCompile>
    <ClCompile Include="src\videograbber\pbCLEye.cpp">
      <Filter>src\videograbber</Filter>
    </ClCompile>
    <ClCompile Include="src\playbat-common\pbTextureLiquid.cpp">
      <Filter>src\playbat-common</Filter>
    </ClCompile>
    <ClCompile Include="src\playbat-common\pbTextureUtil.cpp">
      <Filter>src\playbat-common</Filter>
    </ClCompile>
    <ClCompile Include="src\playbat-common\pbTransforming.cpp">
      <Filter>src\playbat-common</Filter>
    </ClCompile>
    <ClCompile Include="src\playbat-common\pbValueAnimation.cpp">
      <Filter>src\playbat-common</Filter>
    </ClCompile>
    <ClCompile Include="src\playbat-common\pbValueAnimation2d.cpp">
      <Filter>src\playbat-common</Filter>
    </ClCompile>
    <ClCompile Include="src\playbat-common\pcvConverter.cpp">
      <Filter>src\playbat-common</Filter>
    </ClCompile>
    <ClCompile Include="src\playbat-common\RunInfo.cpp">
      <Filter>src\playbat-common</Filter>
    </ClCompile>
    <ClCompile Include="src\playbat-common\Farneback.cpp">
      <Filter>src\playbat-common</Filter>
    </ClCompile>
    <ClCompile Include="src\playbat-common\ImageFiltering.cpp">
      <Filter>src\playbat-common</Filter>
    </ClCompile>
    <ClCompile Include="src\playbat-common\MediaLoader.cpp">
      <Filter>src\playbat-common</Filter>
    </ClCompile>
    <ClCompile Include="src\playbat-common\MotionBlob.cpp">
      <Filter>src\playbat-common</Filter>
    </ClCompile>
    <ClCompile Include="src\playbat-common\MouseDraw.cpp">
      <Filter>src\playbat-common</Filter>
    </ClCompile>
    <ClCompile Include="src\playbat-common\ofxArgs.cpp">
      <Filter>src\playbat-common</Filter>
    </ClCompile>
    <ClCompile Include="src\playbat-common\ofxFBOTexture.cpp">
      <Filter>src\playbat-common</Filter>
    </ClCompile>
    <ClCompile Include="src\playbat-common\ofxIniSettings.cpp">
      <Filter>src\playbat-common</Filter>
    </ClCompile>
    <ClCompile Include="src\playbat-common\pbBaseApp.cpp">
      <Filter>src\playbat-common</Filter>
    </ClCompile>
    <ClCompile Include="src\playbat-common\pbHaarDetector.cpp">
      <Filter>src\playbat-common</Filter>
    </ClCompile>
    <ClCompile Include="src\playbat-common\pbScreenFormat.cpp">
      <Filter>src\playbat-common</Filter>
    </ClCompile>
    <ClCompile Include="src\playbat-common\pbScreenGrab.cpp">
      <Filter>src\playbat-common</Filter>
    </ClCompile>
    <ClCompile Include="src\playbat-common\pbScreenLog.cpp">
      <Filter>src\playbat-common</Filter>
    </ClCompile>
    <ClCompile Include="src\playbat-common\pbSystem.cpp">
      <Filter>src\playbat-common</Filter>
    </ClCompile>
    <ClCompile Include="src\product\paths.cpp">
      <Filter>src\playbat-common</Filter>
    </ClCompile>
  </ItemGroup>
  <ItemGroup>
    <Filter Include="src">
      <UniqueIdentifier>{d8376475-7454-4a24-b08a-aac121d3ad6f}</UniqueIdentifier>
    </Filter>
    <Filter Include="addons">
      <UniqueIdentifier>{71834F65-F3A9-211E-73B8-DC85}</UniqueIdentifier>
    </Filter>
    <Filter Include="addons\ofxBox2d">
      <UniqueIdentifier>{435F066C-A3EF-F90C-D930-5DE7}</UniqueIdentifier>
    </Filter>
    <Filter Include="addons\ofxBox2d\src">
      <UniqueIdentifier>{7A97F15D-7A50-0049-F300-F102}</UniqueIdentifier>
    </Filter>
    <Filter Include="addons\ofxBox2d\libs">
      <UniqueIdentifier>{A4BFE656-7C22-80B2-4EAC-77CE}</UniqueIdentifier>
    </Filter>
    <Filter Include="addons\ofxBox2d\libs\Box2D">
      <UniqueIdentifier>{22844E4A-BE82-E365-04EA-7B52}</UniqueIdentifier>
    </Filter>
    <Filter Include="addons\ofxBox2d\libs\Box2D\Collision">
      <UniqueIdentifier>{25512E5A-5E84-3B21-930D-6BA4}</UniqueIdentifier>
    </Filter>
    <Filter Include="addons\ofxBox2d\libs\Box2D\Collision\Shapes">
      <UniqueIdentifier>{9C588D9A-97A1-7625-495C-798B}</UniqueIdentifier>
    </Filter>
    <Filter Include="addons\ofxBox2d\libs\Box2D\Common">
      <UniqueIdentifier>{57BB1B6B-29E1-F644-89B3-ED9C}</UniqueIdentifier>
    </Filter>
    <Filter Include="addons\ofxBox2d\libs\Box2D\Dynamics">
      <UniqueIdentifier>{FEAA0507-ACB0-0D23-7AF3-0C4A}</UniqueIdentifier>
    </Filter>
    <Filter Include="addons\ofxBox2d\libs\Box2D\Dynamics\Contacts">
      <UniqueIdentifier>{FBC47EA1-CE06-FDF9-4900-A820}</UniqueIdentifier>
    </Filter>
    <Filter Include="addons\ofxBox2d\libs\Box2D\Dynamics\Joints">
      <UniqueIdentifier>{AE05C5EE-BF71-CC10-5B20-0E61}</UniqueIdentifier>
    </Filter>
    <Filter Include="addons\ofxBox2d\libs\Box2D\Rope">
      <UniqueIdentifier>{CA77AD29-DA79-F7BD-1BB0-A346}</UniqueIdentifier>
    </Filter>
    <Filter Include="addons\ofxBox2d\libs\triangle">
      <UniqueIdentifier>{59DDA46B-31F2-D064-1590-F1FA}</UniqueIdentifier>
    </Filter>
    <Filter Include="addons\ofxDirList">
      <UniqueIdentifier>{5FD12C1E-C372-000C-BF40-8AC3}</UniqueIdentifier>
    </Filter>
    <Filter Include="addons\ofxDirList\src">
      <UniqueIdentifier>{739AB1D2-CCFD-3D37-3F80-EB01}</UniqueIdentifier>
    </Filter>
    <Filter Include="addons\ofxOpenCv">
      <UniqueIdentifier>{FFA81411-43B9-BD99-75AF-1DC3}</UniqueIdentifier>
    </Filter>
    <Filter Include="addons\ofxOpenCv\src">
      <UniqueIdentifier>{00DE84A0-C30B-9800-5466-EA40}</UniqueIdentifier>
    </Filter>
    <Filter Include="addons\ofxOpenCv\libs">
      <UniqueIdentifier>{EFE72F22-7F5A-0F39-EC5E-1382}</UniqueIdentifier>
    </Filter>
    <Filter Include="addons\ofxOpenCv\libs\opencv">
      <UniqueIdentifier>{0391AB06-09E3-B0B3-3E3B-A02B}</UniqueIdentifier>
    </Filter>
    <Filter Include="addons\ofxOpenCv\libs\opencv\include">
      <UniqueIdentifier>{18BB18A3-47A8-9F08-1A3F-16FC}</UniqueIdentifier>
    </Filter>
    <Filter Include="addons\ofxOpenCv\libs\opencv\include\opencv">
      <UniqueIdentifier>{C867B0DE-B007-11B8-C182-5344}</UniqueIdentifier>
    </Filter>
    <Filter Include="addons\ofxOpenCv\libs\opencv\include\opencv2">
      <UniqueIdentifier>{BCD8ABD4-43E3-302D-A2D3-9FE1}</UniqueIdentifier>
    </Filter>
    <Filter Include="addons\ofxOpenCv\libs\opencv\include\opencv2\calib3d">
      <UniqueIdentifier>{E7CFFFA1-9DFA-D919-100C-FDAA}</UniqueIdentifier>
    </Filter>
    <Filter Include="addons\ofxOpenCv\libs\opencv\include\opencv2\contrib">
      <UniqueIdentifier>{776C25CB-CD33-75A7-DF99-B8C6}</UniqueIdentifier>
    </Filter>
    <Filter Include="addons\ofxOpenCv\libs\opencv\include\opencv2\core">
      <UniqueIdentifier>{2ABB36D0-FBE0-DD47-75A8-5882}</UniqueIdentifier>
    </Filter>
    <Filter Include="addons\ofxOpenCv\libs\opencv\include\opencv2\features2d">
      <UniqueIdentifier>{FFED61A2-DA84-E61F-DAA8-23D8}</UniqueIdentifier>
    </Filter>
    <Filter Include="addons\ofxOpenCv\libs\opencv\include\opencv2\flann">
      <UniqueIdentifier>{35E18472-D925-59BD-12EF-E1E6}</UniqueIdentifier>
    </Filter>
    <Filter Include="addons\ofxOpenCv\libs\opencv\include\opencv2\gpu">
      <UniqueIdentifier>{82D85C2C-89A0-69CF-61C4-9983}</UniqueIdentifier>
    </Filter>
    <Filter Include="addons\ofxOpenCv\libs\opencv\include\opencv2\gpu\device">
      <UniqueIdentifier>{87ED3A19-22E3-EF06-2780-6215}</UniqueIdentifier>
    </Filter>
    <Filter Include="addons\ofxOpenCv\libs\opencv\include\opencv2\gpu\device\detail">
      <UniqueIdentifier>{F2467EC2-B4B5-D403-2F39-AA9A}</UniqueIdentifier>
    </Filter>
    <Filter Include="addons\ofxOpenCv\libs\opencv\include\opencv2\highgui">
      <UniqueIdentifier>{C5146E31-2B8E-4299-4FB2-2347}</UniqueIdentifier>
    </Filter>
    <Filter Include="addons\ofxOpenCv\libs\opencv\include\opencv2\imgproc">
      <UniqueIdentifier>{E61CD652-51B9-BCE9-A2EB-3331}</UniqueIdentifier>
    </Filter>
    <Filter Include="addons\ofxOpenCv\libs\opencv\include\opencv2\legacy">
      <UniqueIdentifier>{4588FFD4-3240-6021-CF1C-66D1}</UniqueIdentifier>
    </Filter>
    <Filter Include="addons\ofxOpenCv\libs\opencv\include\opencv2\ml">
      <UniqueIdentifier>{C217A119-B337-C774-4EDA-1ACC}</UniqueIdentifier>
    </Filter>
    <Filter Include="addons\ofxOpenCv\libs\opencv\include\opencv2\nonfree">
      <UniqueIdentifier>{8C35B9C2-29E6-F32E-3851-F20E}</UniqueIdentifier>
    </Filter>
    <Filter Include="addons\ofxOpenCv\libs\opencv\include\opencv2\objdetect">
      <UniqueIdentifier>{D1260DF5-DCB4-6729-CD66-ED90}</UniqueIdentifier>
    </Filter>
    <Filter Include="addons\ofxOpenCv\libs\opencv\include\opencv2\photo">
      <UniqueIdentifier>{450E6EA2-482C-4DAE-EF14-EE48}</UniqueIdentifier>
    </Filter>
    <Filter Include="addons\ofxOpenCv\libs\opencv\include\opencv2\stitching">
      <UniqueIdentifier>{EA043335-259C-BCEC-5E49-545A}</UniqueIdentifier>
    </Filter>
    <Filter Include="addons\ofxOpenCv\libs\opencv\include\opencv2\stitching\detail">
      <UniqueIdentifier>{21D034AC-F39C-E724-350A-C7B6}</UniqueIdentifier>
    </Filter>
    <Filter Include="addons\ofxOpenCv\libs\opencv\include\opencv2\superres">
      <UniqueIdentifier>{D2BBE5C7-0D36-257F-DD81-67F0}</UniqueIdentifier>
    </Filter>
    <Filter Include="addons\ofxOpenCv\libs\opencv\include\opencv2\ts">
      <UniqueIdentifier>{AA1539ED-A548-EDA6-1094-37FD}</UniqueIdentifier>
    </Filter>
    <Filter Include="addons\ofxOpenCv\libs\opencv\include\opencv2\video">
      <UniqueIdentifier>{61E04F54-C77F-B674-C2AB-FEC2}</UniqueIdentifier>
    </Filter>
    <Filter Include="addons\ofxOpenCv\libs\opencv\include\opencv2\videostab">
      <UniqueIdentifier>{D4F01CB4-61E3-5965-F3B1-CFB9}</UniqueIdentifier>
    </Filter>
    <Filter Include="addons\ofxVectorMath">
      <UniqueIdentifier>{B884153E-0693-5DE4-AB7E-9855}</UniqueIdentifier>
    </Filter>
    <Filter Include="addons\ofxVectorMath\src">
      <UniqueIdentifier>{73E61D1E-1B6D-12AF-C9ED-39CC}</UniqueIdentifier>
    </Filter>
    <Filter Include="src\calibrate">
      <UniqueIdentifier>{eb96290e-8112-4fd9-aea3-e94ee2bc0211}</UniqueIdentifier>
    </Filter>
    <Filter Include="src\common">
      <UniqueIdentifier>{c8229fb4-ca63-42c3-a130-f13a485425f7}</UniqueIdentifier>
    </Filter>
    <Filter Include="src\playbat-common">
      <UniqueIdentifier>{c4d61a13-12d6-4be4-bc36-7508bea0f388}</UniqueIdentifier>
    </Filter>
    <Filter Include="src\videograbber">
      <UniqueIdentifier>{3bd91401-e14d-4956-8941-8437f01fda95}</UniqueIdentifier>
    </Filter>
  </ItemGroup>
  <ItemGroup>
    <ClInclude Include="..\..\addons\ofxBox2d\src\ofxBox2d.h">
      <Filter>addons\ofxBox2d\src</Filter>
    </ClInclude>
    <ClInclude Include="..\..\addons\ofxBox2d\src\ofxBox2dBaseShape.h">
      <Filter>addons\ofxBox2d\src</Filter>
    </ClInclude>
    <ClInclude Include="..\..\addons\ofxBox2d\src\ofxBox2dCircle.h">
      <Filter>addons\ofxBox2d\src</Filter>
    </ClInclude>
    <ClInclude Include="..\..\addons\ofxBox2d\src\ofxBox2dContactListener.h">
      <Filter>addons\ofxBox2d\src</Filter>
    </ClInclude>
    <ClInclude Include="..\..\addons\ofxBox2d\src\ofxBox2dConvexPoly.h">
      <Filter>addons\ofxBox2d\src</Filter>
    </ClInclude>
    <ClInclude Include="..\..\addons\ofxBox2d\src\ofxBox2dEdge.h">
      <Filter>addons\ofxBox2d\src</Filter>
    </ClInclude>
    <ClInclude Include="..\..\addons\ofxBox2d\src\ofxBox2dJoint.h">
      <Filter>addons\ofxBox2d\src</Filter>
    </ClInclude>
    <ClInclude Include="..\..\addons\ofxBox2d\src\ofxBox2dPolygon.h">
      <Filter>addons\ofxBox2d\src</Filter>
    </ClInclude>
    <ClInclude Include="..\..\addons\ofxBox2d\src\ofxBox2dPolygonUtils.h">
      <Filter>addons\ofxBox2d\src</Filter>
    </ClInclude>
    <ClInclude Include="..\..\addons\ofxBox2d\src\ofxBox2dRect.h">
      <Filter>addons\ofxBox2d\src</Filter>
    </ClInclude>
    <ClInclude Include="..\..\addons\ofxBox2d\src\ofxBox2dRender.h">
      <Filter>addons\ofxBox2d\src</Filter>
    </ClInclude>
    <ClInclude Include="..\..\addons\ofxBox2d\src\ofxBox2dUtils.h">
      <Filter>addons\ofxBox2d\src</Filter>
    </ClInclude>
    <ClInclude Include="..\..\addons\ofxBox2d\libs\Box2D\Box2D.h">
      <Filter>addons\ofxBox2d\libs\Box2D</Filter>
    </ClInclude>
    <ClInclude Include="..\..\addons\ofxBox2d\libs\Box2D\Collision\b2BroadPhase.h">
      <Filter>addons\ofxBox2d\libs\Box2D\Collision</Filter>
    </ClInclude>
    <ClInclude Include="..\..\addons\ofxBox2d\libs\Box2D\Collision\b2Collision.h">
      <Filter>addons\ofxBox2d\libs\Box2D\Collision</Filter>
    </ClInclude>
    <ClInclude Include="..\..\addons\ofxBox2d\libs\Box2D\Collision\b2Distance.h">
      <Filter>addons\ofxBox2d\libs\Box2D\Collision</Filter>
    </ClInclude>
    <ClInclude Include="..\..\addons\ofxBox2d\libs\Box2D\Collision\b2DynamicTree.h">
      <Filter>addons\ofxBox2d\libs\Box2D\Collision</Filter>
    </ClInclude>
    <ClInclude Include="..\..\addons\ofxBox2d\libs\Box2D\Collision\b2TimeOfImpact.h">
      <Filter>addons\ofxBox2d\libs\Box2D\Collision</Filter>
    </ClInclude>
    <ClInclude Include="..\..\addons\ofxBox2d\libs\Box2D\Collision\Shapes\b2ChainShape.h">
      <Filter>addons\ofxBox2d\libs\Box2D\Collision\Shapes</Filter>
    </ClInclude>
    <ClInclude Include="..\..\addons\ofxBox2d\libs\Box2D\Collision\Shapes\b2CircleShape.h">
      <Filter>addons\ofxBox2d\libs\Box2D\Collision\Shapes</Filter>
    </ClInclude>
    <ClInclude Include="..\..\addons\ofxBox2d\libs\Box2D\Collision\Shapes\b2EdgeShape.h">
      <Filter>addons\ofxBox2d\libs\Box2D\Collision\Shapes</Filter>
    </ClInclude>
    <ClInclude Include="..\..\addons\ofxBox2d\libs\Box2D\Collision\Shapes\b2PolygonShape.h">
      <Filter>addons\ofxBox2d\libs\Box2D\Collision\Shapes</Filter>
    </ClInclude>
    <ClInclude Include="..\..\addons\ofxBox2d\libs\Box2D\Collision\Shapes\b2Shape.h">
      <Filter>addons\ofxBox2d\libs\Box2D\Collision\Shapes</Filter>
    </ClInclude>
    <ClInclude Include="..\..\addons\ofxBox2d\libs\Box2D\Common\b2BlockAllocator.h">
      <Filter>addons\ofxBox2d\libs\Box2D\Common</Filter>
    </ClInclude>
    <ClInclude Include="..\..\addons\ofxBox2d\libs\Box2D\Common\b2Draw.h">
      <Filter>addons\ofxBox2d\libs\Box2D\Common</Filter>
    </ClInclude>
    <ClInclude Include="..\..\addons\ofxBox2d\libs\Box2D\Common\b2GrowableStack.h">
      <Filter>addons\ofxBox2d\libs\Box2D\Common</Filter>
    </ClInclude>
    <ClInclude Include="..\..\addons\ofxBox2d\libs\Box2D\Common\b2Math.h">
      <Filter>addons\ofxBox2d\libs\Box2D\Common</Filter>
    </ClInclude>
    <ClInclude Include="..\..\addons\ofxBox2d\libs\Box2D\Common\b2Settings.h">
      <Filter>addons\ofxBox2d\libs\Box2D\Common</Filter>
    </ClInclude>
    <ClInclude Include="..\..\addons\ofxBox2d\libs\Box2D\Common\b2StackAllocator.h">
      <Filter>addons\ofxBox2d\libs\Box2D\Common</Filter>
    </ClInclude>
    <ClInclude Include="..\..\addons\ofxBox2d\libs\Box2D\Common\b2Timer.h">
      <Filter>addons\ofxBox2d\libs\Box2D\Common</Filter>
    </ClInclude>
    <ClInclude Include="..\..\addons\ofxBox2d\libs\Box2D\Dynamics\b2Body.h">
      <Filter>addons\ofxBox2d\libs\Box2D\Dynamics</Filter>
    </ClInclude>
    <ClInclude Include="..\..\addons\ofxBox2d\libs\Box2D\Dynamics\b2ContactManager.h">
      <Filter>addons\ofxBox2d\libs\Box2D\Dynamics</Filter>
    </ClInclude>
    <ClInclude Include="..\..\addons\ofxBox2d\libs\Box2D\Dynamics\b2Fixture.h">
      <Filter>addons\ofxBox2d\libs\Box2D\Dynamics</Filter>
    </ClInclude>
    <ClInclude Include="..\..\addons\ofxBox2d\libs\Box2D\Dynamics\b2Island.h">
      <Filter>addons\ofxBox2d\libs\Box2D\Dynamics</Filter>
    </ClInclude>
    <ClInclude Include="..\..\addons\ofxBox2d\libs\Box2D\Dynamics\b2TimeStep.h">
      <Filter>addons\ofxBox2d\libs\Box2D\Dynamics</Filter>
    </ClInclude>
    <ClInclude Include="..\..\addons\ofxBox2d\libs\Box2D\Dynamics\b2World.h">
      <Filter>addons\ofxBox2d\libs\Box2D\Dynamics</Filter>
    </ClInclude>
    <ClInclude Include="..\..\addons\ofxBox2d\libs\Box2D\Dynamics\b2WorldCallbacks.h">
      <Filter>addons\ofxBox2d\libs\Box2D\Dynamics</Filter>
    </ClInclude>
    <ClInclude Include="..\..\addons\ofxBox2d\libs\Box2D\Dynamics\Contacts\b2ChainAndCircleContact.h">
      <Filter>addons\ofxBox2d\libs\Box2D\Dynamics\Contacts</Filter>
    </ClInclude>
    <ClInclude Include="..\..\addons\ofxBox2d\libs\Box2D\Dynamics\Contacts\b2ChainAndPolygonContact.h">
      <Filter>addons\ofxBox2d\libs\Box2D\Dynamics\Contacts</Filter>
    </ClInclude>
    <ClInclude Include="..\..\addons\ofxBox2d\libs\Box2D\Dynamics\Contacts\b2CircleContact.h">
      <Filter>addons\ofxBox2d\libs\Box2D\Dynamics\Contacts</Filter>
    </ClInclude>
    <ClInclude Include="..\..\addons\ofxBox2d\libs\Box2D\Dynamics\Contacts\b2Contact.h">
      <Filter>addons\ofxBox2d\libs\Box2D\Dynamics\Contacts</Filter>
    </ClInclude>
    <ClInclude Include="..\..\addons\ofxBox2d\libs\Box2D\Dynamics\Contacts\b2ContactSolver.h">
      <Filter>addons\ofxBox2d\libs\Box2D\Dynamics\Contacts</Filter>
    </ClInclude>
    <ClInclude Include="..\..\addons\ofxBox2d\libs\Box2D\Dynamics\Contacts\b2EdgeAndCircleContact.h">
      <Filter>addons\ofxBox2d\libs\Box2D\Dynamics\Contacts</Filter>
    </ClInclude>
    <ClInclude Include="..\..\addons\ofxBox2d\libs\Box2D\Dynamics\Contacts\b2EdgeAndPolygonContact.h">
      <Filter>addons\ofxBox2d\libs\Box2D\Dynamics\Contacts</Filter>
    </ClInclude>
    <ClInclude Include="..\..\addons\ofxBox2d\libs\Box2D\Dynamics\Contacts\b2PolygonAndCircleContact.h">
      <Filter>addons\ofxBox2d\libs\Box2D\Dynamics\Contacts</Filter>
    </ClInclude>
    <ClInclude Include="..\..\addons\ofxBox2d\libs\Box2D\Dynamics\Contacts\b2PolygonContact.h">
      <Filter>addons\ofxBox2d\libs\Box2D\Dynamics\Contacts</Filter>
    </ClInclude>
    <ClInclude Include="..\..\addons\ofxBox2d\libs\Box2D\Dynamics\Joints\b2DistanceJoint.h">
      <Filter>addons\ofxBox2d\libs\Box2D\Dynamics\Joints</Filter>
    </ClInclude>
    <ClInclude Include="..\..\addons\ofxBox2d\libs\Box2D\Dynamics\Joints\b2FrictionJoint.h">
      <Filter>addons\ofxBox2d\libs\Box2D\Dynamics\Joints</Filter>
    </ClInclude>
    <ClInclude Include="..\..\addons\ofxBox2d\libs\Box2D\Dynamics\Joints\b2GearJoint.h">
      <Filter>addons\ofxBox2d\libs\Box2D\Dynamics\Joints</Filter>
    </ClInclude>
    <ClInclude Include="..\..\addons\ofxBox2d\libs\Box2D\Dynamics\Joints\b2Joint.h">
      <Filter>addons\ofxBox2d\libs\Box2D\Dynamics\Joints</Filter>
    </ClInclude>
    <ClInclude Include="..\..\addons\ofxBox2d\libs\Box2D\Dynamics\Joints\b2MotorJoint.h">
      <Filter>addons\ofxBox2d\libs\Box2D\Dynamics\Joints</Filter>
    </ClInclude>
    <ClInclude Include="..\..\addons\ofxBox2d\libs\Box2D\Dynamics\Joints\b2MouseJoint.h">
      <Filter>addons\ofxBox2d\libs\Box2D\Dynamics\Joints</Filter>
    </ClInclude>
    <ClInclude Include="..\..\addons\ofxBox2d\libs\Box2D\Dynamics\Joints\b2PrismaticJoint.h">
      <Filter>addons\ofxBox2d\libs\Box2D\Dynamics\Joints</Filter>
    </ClInclude>
    <ClInclude Include="..\..\addons\ofxBox2d\libs\Box2D\Dynamics\Joints\b2PulleyJoint.h">
      <Filter>addons\ofxBox2d\libs\Box2D\Dynamics\Joints</Filter>
    </ClInclude>
    <ClInclude Include="..\..\addons\ofxBox2d\libs\Box2D\Dynamics\Joints\b2RevoluteJoint.h">
      <Filter>addons\ofxBox2d\libs\Box2D\Dynamics\Joints</Filter>
    </ClInclude>
    <ClInclude Include="..\..\addons\ofxBox2d\libs\Box2D\Dynamics\Joints\b2RopeJoint.h">
      <Filter>addons\ofxBox2d\libs\Box2D\Dynamics\Joints</Filter>
    </ClInclude>
    <ClInclude Include="..\..\addons\ofxBox2d\libs\Box2D\Dynamics\Joints\b2WeldJoint.h">
      <Filter>addons\ofxBox2d\libs\Box2D\Dynamics\Joints</Filter>
    </ClInclude>
    <ClInclude Include="..\..\addons\ofxBox2d\libs\Box2D\Dynamics\Joints\b2WheelJoint.h">
      <Filter>addons\ofxBox2d\libs\Box2D\Dynamics\Joints</Filter>
    </ClInclude>
    <ClInclude Include="..\..\addons\ofxBox2d\libs\Box2D\Rope\b2Rope.h">
      <Filter>addons\ofxBox2d\libs\Box2D\Rope</Filter>
    </ClInclude>
    <ClInclude Include="..\..\addons\ofxBox2d\libs\triangle\assert.hpp">
      <Filter>addons\ofxBox2d\libs\triangle</Filter>
    </ClInclude>
    <ClInclude Include="..\..\addons\ofxBox2d\libs\triangle\del_interface.hpp">
      <Filter>addons\ofxBox2d\libs\triangle</Filter>
    </ClInclude>
    <ClInclude Include="..\..\addons\ofxBox2d\libs\triangle\dpoint.hpp">
      <Filter>addons\ofxBox2d\libs\triangle</Filter>
    </ClInclude>
    <ClInclude Include="..\..\addons\ofxBox2d\libs\triangle\triangle.h">
      <Filter>addons\ofxBox2d\libs\triangle</Filter>
    </ClInclude>
    <ClInclude Include="..\..\addons\ofxBox2d\libs\triangle\triangle_impl.hpp">
      <Filter>addons\ofxBox2d\libs\triangle</Filter>
    </ClInclude>
    <ClInclude Include="..\..\addons\ofxDirList\src\ofxDirList.h">
      <Filter>addons\ofxDirList\src</Filter>
    </ClInclude>
    <ClInclude Include="..\..\addons\ofxOpenCv\src\ofxCvBlob.h">
      <Filter>addons\ofxOpenCv\src</Filter>
    </ClInclude>
    <ClInclude Include="..\..\addons\ofxOpenCv\src\ofxCvColorImage.h">
      <Filter>addons\ofxOpenCv\src</Filter>
    </ClInclude>
    <ClInclude Include="..\..\addons\ofxOpenCv\src\ofxCvConstants.h">
      <Filter>addons\ofxOpenCv\src</Filter>
    </ClInclude>
    <ClInclude Include="..\..\addons\ofxOpenCv\src\ofxCvContourFinder.h">
      <Filter>addons\ofxOpenCv\src</Filter>
    </ClInclude>
    <ClInclude Include="..\..\addons\ofxOpenCv\src\ofxCvFloatImage.h">
      <Filter>addons\ofxOpenCv\src</Filter>
    </ClInclude>
    <ClInclude Include="..\..\addons\ofxOpenCv\src\ofxCvGrayscaleImage.h">
      <Filter>addons\ofxOpenCv\src</Filter>
    </ClInclude>
    <ClInclude Include="..\..\addons\ofxOpenCv\src\ofxCvHaarFinder.h">
      <Filter>addons\ofxOpenCv\src</Filter>
    </ClInclude>
    <ClInclude Include="..\..\addons\ofxOpenCv\src\ofxCvImage.h">
      <Filter>addons\ofxOpenCv\src</Filter>
    </ClInclude>
    <ClInclude Include="..\..\addons\ofxOpenCv\src\ofxCvShortImage.h">
      <Filter>addons\ofxOpenCv\src</Filter>
    </ClInclude>
    <ClInclude Include="..\..\addons\ofxOpenCv\src\ofxOpenCv.h">
      <Filter>addons\ofxOpenCv\src</Filter>
    </ClInclude>
    <ClInclude Include="..\..\addons\ofxOpenCv\libs\opencv\include\opencv\cv.h">
      <Filter>addons\ofxOpenCv\libs\opencv\include\opencv</Filter>
    </ClInclude>
    <ClInclude Include="..\..\addons\ofxOpenCv\libs\opencv\include\opencv\cv.hpp">
      <Filter>addons\ofxOpenCv\libs\opencv\include\opencv</Filter>
    </ClInclude>
    <ClInclude Include="..\..\addons\ofxOpenCv\libs\opencv\include\opencv\cvaux.h">
      <Filter>addons\ofxOpenCv\libs\opencv\include\opencv</Filter>
    </ClInclude>
    <ClInclude Include="..\..\addons\ofxOpenCv\libs\opencv\include\opencv\cvaux.hpp">
      <Filter>addons\ofxOpenCv\libs\opencv\include\opencv</Filter>
    </ClInclude>
    <ClInclude Include="..\..\addons\ofxOpenCv\libs\opencv\include\opencv\cvwimage.h">
      <Filter>addons\ofxOpenCv\libs\opencv\include\opencv</Filter>
    </ClInclude>
    <ClInclude Include="..\..\addons\ofxOpenCv\libs\opencv\include\opencv\cxcore.h">
      <Filter>addons\ofxOpenCv\libs\opencv\include\opencv</Filter>
    </ClInclude>
    <ClInclude Include="..\..\addons\ofxOpenCv\libs\opencv\include\opencv\cxcore.hpp">
      <Filter>addons\ofxOpenCv\libs\opencv\include\opencv</Filter>
    </ClInclude>
    <ClInclude Include="..\..\addons\ofxOpenCv\libs\opencv\include\opencv\cxeigen.hpp">
      <Filter>addons\ofxOpenCv\libs\opencv\include\opencv</Filter>
    </ClInclude>
    <ClInclude Include="..\..\addons\ofxOpenCv\libs\opencv\include\opencv\cxmisc.h">
      <Filter>addons\ofxOpenCv\libs\opencv\include\opencv</Filter>
    </ClInclude>
    <ClInclude Include="..\..\addons\ofxOpenCv\libs\opencv\include\opencv\highgui.h">
      <Filter>addons\ofxOpenCv\libs\opencv\include\opencv</Filter>
    </ClInclude>
    <ClInclude Include="..\..\addons\ofxOpenCv\libs\opencv\include\opencv\ml.h">
      <Filter>addons\ofxOpenCv\libs\opencv\include\opencv</Filter>
    </ClInclude>
    <ClInclude Include="..\..\addons\ofxOpenCv\libs\opencv\include\opencv2\calib3d\calib3d.hpp">
      <Filter>addons\ofxOpenCv\libs\opencv\include\opencv2\calib3d</Filter>
    </ClInclude>
    <ClInclude Include="..\..\addons\ofxOpenCv\libs\opencv\include\opencv2\contrib\contrib.hpp">
      <Filter>addons\ofxOpenCv\libs\opencv\include\opencv2\contrib</Filter>
    </ClInclude>
    <ClInclude Include="..\..\addons\ofxOpenCv\libs\opencv\include\opencv2\contrib\detection_based_tracker.hpp">
      <Filter>addons\ofxOpenCv\libs\opencv\include\opencv2\contrib</Filter>
    </ClInclude>
    <ClInclude Include="..\..\addons\ofxOpenCv\libs\opencv\include\opencv2\contrib\hybridtracker.hpp">
      <Filter>addons\ofxOpenCv\libs\opencv\include\opencv2\contrib</Filter>
    </ClInclude>
    <ClInclude Include="..\..\addons\ofxOpenCv\libs\opencv\include\opencv2\contrib\openfabmap.hpp">
      <Filter>addons\ofxOpenCv\libs\opencv\include\opencv2\contrib</Filter>
    </ClInclude>
    <ClInclude Include="..\..\addons\ofxOpenCv\libs\opencv\include\opencv2\contrib\retina.hpp">
      <Filter>addons\ofxOpenCv\libs\opencv\include\opencv2\contrib</Filter>
    </ClInclude>
    <ClInclude Include="..\..\addons\ofxOpenCv\libs\opencv\include\opencv2\core\affine.hpp">
      <Filter>addons\ofxOpenCv\libs\opencv\include\opencv2\core</Filter>
    </ClInclude>
    <ClInclude Include="..\..\addons\ofxOpenCv\libs\opencv\include\opencv2\core\core.hpp">
      <Filter>addons\ofxOpenCv\libs\opencv\include\opencv2\core</Filter>
    </ClInclude>
    <ClInclude Include="..\..\addons\ofxOpenCv\libs\opencv\include\opencv2\core\core_c.h">
      <Filter>addons\ofxOpenCv\libs\opencv\include\opencv2\core</Filter>
    </ClInclude>
    <ClInclude Include="..\..\addons\ofxOpenCv\libs\opencv\include\opencv2\core\cuda_devptrs.hpp">
      <Filter>addons\ofxOpenCv\libs\opencv\include\opencv2\core</Filter>
    </ClInclude>
    <ClInclude Include="..\..\addons\ofxOpenCv\libs\opencv\include\opencv2\core\devmem2d.hpp">
      <Filter>addons\ofxOpenCv\libs\opencv\include\opencv2\core</Filter>
    </ClInclude>
    <ClInclude Include="..\..\addons\ofxOpenCv\libs\opencv\include\opencv2\core\eigen.hpp">
      <Filter>addons\ofxOpenCv\libs\opencv\include\opencv2\core</Filter>
    </ClInclude>
    <ClInclude Include="..\..\addons\ofxOpenCv\libs\opencv\include\opencv2\core\gpumat.hpp">
      <Filter>addons\ofxOpenCv\libs\opencv\include\opencv2\core</Filter>
    </ClInclude>
    <ClInclude Include="..\..\addons\ofxOpenCv\libs\opencv\include\opencv2\core\internal.hpp">
      <Filter>addons\ofxOpenCv\libs\opencv\include\opencv2\core</Filter>
    </ClInclude>
    <ClInclude Include="..\..\addons\ofxOpenCv\libs\opencv\include\opencv2\core\mat.hpp">
      <Filter>addons\ofxOpenCv\libs\opencv\include\opencv2\core</Filter>
    </ClInclude>
    <ClInclude Include="..\..\addons\ofxOpenCv\libs\opencv\include\opencv2\core\opengl_interop.hpp">
      <Filter>addons\ofxOpenCv\libs\opencv\include\opencv2\core</Filter>
    </ClInclude>
    <ClInclude Include="..\..\addons\ofxOpenCv\libs\opencv\include\opencv2\core\opengl_interop_deprecated.hpp">
      <Filter>addons\ofxOpenCv\libs\opencv\include\opencv2\core</Filter>
    </ClInclude>
    <ClInclude Include="..\..\addons\ofxOpenCv\libs\opencv\include\opencv2\core\operations.hpp">
      <Filter>addons\ofxOpenCv\libs\opencv\include\opencv2\core</Filter>
    </ClInclude>
    <ClInclude Include="..\..\addons\ofxOpenCv\libs\opencv\include\opencv2\core\types_c.h">
      <Filter>addons\ofxOpenCv\libs\opencv\include\opencv2\core</Filter>
    </ClInclude>
    <ClInclude Include="..\..\addons\ofxOpenCv\libs\opencv\include\opencv2\core\version.hpp">
      <Filter>addons\ofxOpenCv\libs\opencv\include\opencv2\core</Filter>
    </ClInclude>
    <ClInclude Include="..\..\addons\ofxOpenCv\libs\opencv\include\opencv2\core\wimage.hpp">
      <Filter>addons\ofxOpenCv\libs\opencv\include\opencv2\core</Filter>
    </ClInclude>
    <ClInclude Include="..\..\addons\ofxOpenCv\libs\opencv\include\opencv2\features2d\features2d.hpp">
      <Filter>addons\ofxOpenCv\libs\opencv\include\opencv2\features2d</Filter>
    </ClInclude>
    <ClInclude Include="..\..\addons\ofxOpenCv\libs\opencv\include\opencv2\flann\allocator.h">
      <Filter>addons\ofxOpenCv\libs\opencv\include\opencv2\flann</Filter>
    </ClInclude>
    <ClInclude Include="..\..\addons\ofxOpenCv\libs\opencv\include\opencv2\flann\all_indices.h">
      <Filter>addons\ofxOpenCv\libs\opencv\include\opencv2\flann</Filter>
    </ClInclude>
    <ClInclude Include="..\..\addons\ofxOpenCv\libs\opencv\include\opencv2\flann\any.h">
      <Filter>addons\ofxOpenCv\libs\opencv\include\opencv2\flann</Filter>
    </ClInclude>
    <ClInclude Include="..\..\addons\ofxOpenCv\libs\opencv\include\opencv2\flann\autotuned_index.h">
      <Filter>addons\ofxOpenCv\libs\opencv\include\opencv2\flann</Filter>
    </ClInclude>
    <ClInclude Include="..\..\addons\ofxOpenCv\libs\opencv\include\opencv2\flann\composite_index.h">
      <Filter>addons\ofxOpenCv\libs\opencv\include\opencv2\flann</Filter>
    </ClInclude>
    <ClInclude Include="..\..\addons\ofxOpenCv\libs\opencv\include\opencv2\flann\config.h">
      <Filter>addons\ofxOpenCv\libs\opencv\include\opencv2\flann</Filter>
    </ClInclude>
    <ClInclude Include="..\..\addons\ofxOpenCv\libs\opencv\include\opencv2\flann\defines.h">
      <Filter>addons\ofxOpenCv\libs\opencv\include\opencv2\flann</Filter>
    </ClInclude>
    <ClInclude Include="..\..\addons\ofxOpenCv\libs\opencv\include\opencv2\flann\dist.h">
      <Filter>addons\ofxOpenCv\libs\opencv\include\opencv2\flann</Filter>
    </ClInclude>
    <ClInclude Include="..\..\addons\ofxOpenCv\libs\opencv\include\opencv2\flann\dummy.h">
      <Filter>addons\ofxOpenCv\libs\opencv\include\opencv2\flann</Filter>
    </ClInclude>
    <ClInclude Include="..\..\addons\ofxOpenCv\libs\opencv\include\opencv2\flann\dynamic_bitset.h">
      <Filter>addons\ofxOpenCv\libs\opencv\include\opencv2\flann</Filter>
    </ClInclude>
    <ClInclude Include="..\..\addons\ofxOpenCv\libs\opencv\include\opencv2\flann\flann.hpp">
      <Filter>addons\ofxOpenCv\libs\opencv\include\opencv2\flann</Filter>
    </ClInclude>
    <ClInclude Include="..\..\addons\ofxOpenCv\libs\opencv\include\opencv2\flann\flann_base.hpp">
      <Filter>addons\ofxOpenCv\libs\opencv\include\opencv2\flann</Filter>
    </ClInclude>
    <ClInclude Include="..\..\addons\ofxOpenCv\libs\opencv\include\opencv2\flann\general.h">
      <Filter>addons\ofxOpenCv\libs\opencv\include\opencv2\flann</Filter>
    </ClInclude>
    <ClInclude Include="..\..\addons\ofxOpenCv\libs\opencv\include\opencv2\flann\ground_truth.h">
      <Filter>addons\ofxOpenCv\libs\opencv\include\opencv2\flann</Filter>
    </ClInclude>
    <ClInclude Include="..\..\addons\ofxOpenCv\libs\opencv\include\opencv2\flann\hdf5.h">
      <Filter>addons\ofxOpenCv\libs\opencv\include\opencv2\flann</Filter>
    </ClInclude>
    <ClInclude Include="..\..\addons\ofxOpenCv\libs\opencv\include\opencv2\flann\heap.h">
      <Filter>addons\ofxOpenCv\libs\opencv\include\opencv2\flann</Filter>
    </ClInclude>
    <ClInclude Include="..\..\addons\ofxOpenCv\libs\opencv\include\opencv2\flann\hierarchical_clustering_index.h">
      <Filter>addons\ofxOpenCv\libs\opencv\include\opencv2\flann</Filter>
    </ClInclude>
    <ClInclude Include="..\..\addons\ofxOpenCv\libs\opencv\include\opencv2\flann\index_testing.h">
      <Filter>addons\ofxOpenCv\libs\opencv\include\opencv2\flann</Filter>
    </ClInclude>
    <ClInclude Include="..\..\addons\ofxOpenCv\libs\opencv\include\opencv2\flann\kdtree_index.h">
      <Filter>addons\ofxOpenCv\libs\opencv\include\opencv2\flann</Filter>
    </ClInclude>
    <ClInclude Include="..\..\addons\ofxOpenCv\libs\opencv\include\opencv2\flann\kdtree_single_index.h">
      <Filter>addons\ofxOpenCv\libs\opencv\include\opencv2\flann</Filter>
    </ClInclude>
    <ClInclude Include="..\..\addons\ofxOpenCv\libs\opencv\include\opencv2\flann\kmeans_index.h">
      <Filter>addons\ofxOpenCv\libs\opencv\include\opencv2\flann</Filter>
    </ClInclude>
    <ClInclude Include="..\..\addons\ofxOpenCv\libs\opencv\include\opencv2\flann\linear_index.h">
      <Filter>addons\ofxOpenCv\libs\opencv\include\opencv2\flann</Filter>
    </ClInclude>
    <ClInclude Include="..\..\addons\ofxOpenCv\libs\opencv\include\opencv2\flann\logger.h">
      <Filter>addons\ofxOpenCv\libs\opencv\include\opencv2\flann</Filter>
    </ClInclude>
    <ClInclude Include="..\..\addons\ofxOpenCv\libs\opencv\include\opencv2\flann\lsh_index.h">
      <Filter>addons\ofxOpenCv\libs\opencv\include\opencv2\flann</Filter>
    </ClInclude>
    <ClInclude Include="..\..\addons\ofxOpenCv\libs\opencv\include\opencv2\flann\lsh_table.h">
      <Filter>addons\ofxOpenCv\libs\opencv\include\opencv2\flann</Filter>
    </ClInclude>
    <ClInclude Include="..\..\addons\ofxOpenCv\libs\opencv\include\opencv2\flann\matrix.h">
      <Filter>addons\ofxOpenCv\libs\opencv\include\opencv2\flann</Filter>
    </ClInclude>
    <ClInclude Include="..\..\addons\ofxOpenCv\libs\opencv\include\opencv2\flann\miniflann.hpp">
      <Filter>addons\ofxOpenCv\libs\opencv\include\opencv2\flann</Filter>
    </ClInclude>
    <ClInclude Include="..\..\addons\ofxOpenCv\libs\opencv\include\opencv2\flann\nn_index.h">
      <Filter>addons\ofxOpenCv\libs\opencv\include\opencv2\flann</Filter>
    </ClInclude>
    <ClInclude Include="..\..\addons\ofxOpenCv\libs\opencv\include\opencv2\flann\object_factory.h">
      <Filter>addons\ofxOpenCv\libs\opencv\include\opencv2\flann</Filter>
    </ClInclude>
    <ClInclude Include="..\..\addons\ofxOpenCv\libs\opencv\include\opencv2\flann\params.h">
      <Filter>addons\ofxOpenCv\libs\opencv\include\opencv2\flann</Filter>
    </ClInclude>
    <ClInclude Include="..\..\addons\ofxOpenCv\libs\opencv\include\opencv2\flann\random.h">
      <Filter>addons\ofxOpenCv\libs\opencv\include\opencv2\flann</Filter>
    </ClInclude>
    <ClInclude Include="..\..\addons\ofxOpenCv\libs\opencv\include\opencv2\flann\result_set.h">
      <Filter>addons\ofxOpenCv\libs\opencv\include\opencv2\flann</Filter>
    </ClInclude>
    <ClInclude Include="..\..\addons\ofxOpenCv\libs\opencv\include\opencv2\flann\sampling.h">
      <Filter>addons\ofxOpenCv\libs\opencv\include\opencv2\flann</Filter>
    </ClInclude>
    <ClInclude Include="..\..\addons\ofxOpenCv\libs\opencv\include\opencv2\flann\saving.h">
      <Filter>addons\ofxOpenCv\libs\opencv\include\opencv2\flann</Filter>
    </ClInclude>
    <ClInclude Include="..\..\addons\ofxOpenCv\libs\opencv\include\opencv2\flann\simplex_downhill.h">
      <Filter>addons\ofxOpenCv\libs\opencv\include\opencv2\flann</Filter>
    </ClInclude>
    <ClInclude Include="..\..\addons\ofxOpenCv\libs\opencv\include\opencv2\flann\timer.h">
      <Filter>addons\ofxOpenCv\libs\opencv\include\opencv2\flann</Filter>
    </ClInclude>
    <ClInclude Include="..\..\addons\ofxOpenCv\libs\opencv\include\opencv2\gpu\device\block.hpp">
      <Filter>addons\ofxOpenCv\libs\opencv\include\opencv2\gpu\device</Filter>
    </ClInclude>
    <ClInclude Include="..\..\addons\ofxOpenCv\libs\opencv\include\opencv2\gpu\device\border_interpolate.hpp">
      <Filter>addons\ofxOpenCv\libs\opencv\include\opencv2\gpu\device</Filter>
    </ClInclude>
    <ClInclude Include="..\..\addons\ofxOpenCv\libs\opencv\include\opencv2\gpu\device\color.hpp">
      <Filter>addons\ofxOpenCv\libs\opencv\include\opencv2\gpu\device</Filter>
    </ClInclude>
    <ClInclude Include="..\..\addons\ofxOpenCv\libs\opencv\include\opencv2\gpu\device\common.hpp">
      <Filter>addons\ofxOpenCv\libs\opencv\include\opencv2\gpu\device</Filter>
    </ClInclude>
    <ClInclude Include="..\..\addons\ofxOpenCv\libs\opencv\include\opencv2\gpu\device\datamov_utils.hpp">
      <Filter>addons\ofxOpenCv\libs\opencv\include\opencv2\gpu\device</Filter>
    </ClInclude>
    <ClInclude Include="..\..\addons\ofxOpenCv\libs\opencv\include\opencv2\gpu\device\detail\color_detail.hpp">
      <Filter>addons\ofxOpenCv\libs\opencv\include\opencv2\gpu\device\detail</Filter>
    </ClInclude>
    <ClInclude Include="..\..\addons\ofxOpenCv\libs\opencv\include\opencv2\gpu\device\detail\reduce.hpp">
      <Filter>addons\ofxOpenCv\libs\opencv\include\opencv2\gpu\device\detail</Filter>
    </ClInclude>
    <ClInclude Include="..\..\addons\ofxOpenCv\libs\opencv\include\opencv2\gpu\device\detail\reduce_key_val.hpp">
      <Filter>addons\ofxOpenCv\libs\opencv\include\opencv2\gpu\device\detail</Filter>
    </ClInclude>
    <ClInclude Include="..\..\addons\ofxOpenCv\libs\opencv\include\opencv2\gpu\device\detail\transform_detail.hpp">
      <Filter>addons\ofxOpenCv\libs\opencv\include\opencv2\gpu\device\detail</Filter>
    </ClInclude>
    <ClInclude Include="..\..\addons\ofxOpenCv\libs\opencv\include\opencv2\gpu\device\detail\type_traits_detail.hpp">
      <Filter>addons\ofxOpenCv\libs\opencv\include\opencv2\gpu\device\detail</Filter>
    </ClInclude>
    <ClInclude Include="..\..\addons\ofxOpenCv\libs\opencv\include\opencv2\gpu\device\detail\vec_distance_detail.hpp">
      <Filter>addons\ofxOpenCv\libs\opencv\include\opencv2\gpu\device\detail</Filter>
    </ClInclude>
    <ClInclude Include="..\..\addons\ofxOpenCv\libs\opencv\include\opencv2\gpu\device\dynamic_smem.hpp">
      <Filter>addons\ofxOpenCv\libs\opencv\include\opencv2\gpu\device</Filter>
    </ClInclude>
    <ClInclude Include="..\..\addons\ofxOpenCv\libs\opencv\include\opencv2\gpu\device\emulation.hpp">
      <Filter>addons\ofxOpenCv\libs\opencv\include\opencv2\gpu\device</Filter>
    </ClInclude>
    <ClInclude Include="..\..\addons\ofxOpenCv\libs\opencv\include\opencv2\gpu\device\filters.hpp">
      <Filter>addons\ofxOpenCv\libs\opencv\include\opencv2\gpu\device</Filter>
    </ClInclude>
    <ClInclude Include="..\..\addons\ofxOpenCv\libs\opencv\include\opencv2\gpu\device\funcattrib.hpp">
      <Filter>addons\ofxOpenCv\libs\opencv\include\opencv2\gpu\device</Filter>
    </ClInclude>
    <ClInclude Include="..\..\addons\ofxOpenCv\libs\opencv\include\opencv2\gpu\device\functional.hpp">
      <Filter>addons\ofxOpenCv\libs\opencv\include\opencv2\gpu\device</Filter>
    </ClInclude>
    <ClInclude Include="..\..\addons\ofxOpenCv\libs\opencv\include\opencv2\gpu\device\limits.hpp">
      <Filter>addons\ofxOpenCv\libs\opencv\include\opencv2\gpu\device</Filter>
    </ClInclude>
    <ClInclude Include="..\..\addons\ofxOpenCv\libs\opencv\include\opencv2\gpu\device\reduce.hpp">
      <Filter>addons\ofxOpenCv\libs\opencv\include\opencv2\gpu\device</Filter>
    </ClInclude>
    <ClInclude Include="..\..\addons\ofxOpenCv\libs\opencv\include\opencv2\gpu\device\saturate_cast.hpp">
      <Filter>addons\ofxOpenCv\libs\opencv\include\opencv2\gpu\device</Filter>
    </ClInclude>
    <ClInclude Include="..\..\addons\ofxOpenCv\libs\opencv\include\opencv2\gpu\device\scan.hpp">
      <Filter>addons\ofxOpenCv\libs\opencv\include\opencv2\gpu\device</Filter>
    </ClInclude>
    <ClInclude Include="..\..\addons\ofxOpenCv\libs\opencv\include\opencv2\gpu\device\simd_functions.hpp">
      <Filter>addons\ofxOpenCv\libs\opencv\include\opencv2\gpu\device</Filter>
    </ClInclude>
    <ClInclude Include="..\..\addons\ofxOpenCv\libs\opencv\include\opencv2\gpu\device\static_check.hpp">
      <Filter>addons\ofxOpenCv\libs\opencv\include\opencv2\gpu\device</Filter>
    </ClInclude>
    <ClInclude Include="..\..\addons\ofxOpenCv\libs\opencv\include\opencv2\gpu\device\transform.hpp">
      <Filter>addons\ofxOpenCv\libs\opencv\include\opencv2\gpu\device</Filter>
    </ClInclude>
    <ClInclude Include="..\..\addons\ofxOpenCv\libs\opencv\include\opencv2\gpu\device\type_traits.hpp">
      <Filter>addons\ofxOpenCv\libs\opencv\include\opencv2\gpu\device</Filter>
    </ClInclude>
    <ClInclude Include="..\..\addons\ofxOpenCv\libs\opencv\include\opencv2\gpu\device\utility.hpp">
      <Filter>addons\ofxOpenCv\libs\opencv\include\opencv2\gpu\device</Filter>
    </ClInclude>
    <ClInclude Include="..\..\addons\ofxOpenCv\libs\opencv\include\opencv2\gpu\device\vec_distance.hpp">
      <Filter>addons\ofxOpenCv\libs\opencv\include\opencv2\gpu\device</Filter>
    </ClInclude>
    <ClInclude Include="..\..\addons\ofxOpenCv\libs\opencv\include\opencv2\gpu\device\vec_math.hpp">
      <Filter>addons\ofxOpenCv\libs\opencv\include\opencv2\gpu\device</Filter>
    </ClInclude>
    <ClInclude Include="..\..\addons\ofxOpenCv\libs\opencv\include\opencv2\gpu\device\vec_traits.hpp">
      <Filter>addons\ofxOpenCv\libs\opencv\include\opencv2\gpu\device</Filter>
    </ClInclude>
    <ClInclude Include="..\..\addons\ofxOpenCv\libs\opencv\include\opencv2\gpu\device\warp.hpp">
      <Filter>addons\ofxOpenCv\libs\opencv\include\opencv2\gpu\device</Filter>
    </ClInclude>
    <ClInclude Include="..\..\addons\ofxOpenCv\libs\opencv\include\opencv2\gpu\device\warp_reduce.hpp">
      <Filter>addons\ofxOpenCv\libs\opencv\include\opencv2\gpu\device</Filter>
    </ClInclude>
    <ClInclude Include="..\..\addons\ofxOpenCv\libs\opencv\include\opencv2\gpu\device\warp_shuffle.hpp">
      <Filter>addons\ofxOpenCv\libs\opencv\include\opencv2\gpu\device</Filter>
    </ClInclude>
    <ClInclude Include="..\..\addons\ofxOpenCv\libs\opencv\include\opencv2\gpu\devmem2d.hpp">
      <Filter>addons\ofxOpenCv\libs\opencv\include\opencv2\gpu</Filter>
    </ClInclude>
    <ClInclude Include="..\..\addons\ofxOpenCv\libs\opencv\include\opencv2\gpu\gpu.hpp">
      <Filter>addons\ofxOpenCv\libs\opencv\include\opencv2\gpu</Filter>
    </ClInclude>
    <ClInclude Include="..\..\addons\ofxOpenCv\libs\opencv\include\opencv2\gpu\gpumat.hpp">
      <Filter>addons\ofxOpenCv\libs\opencv\include\opencv2\gpu</Filter>
    </ClInclude>
    <ClInclude Include="..\..\addons\ofxOpenCv\libs\opencv\include\opencv2\gpu\stream_accessor.hpp">
      <Filter>addons\ofxOpenCv\libs\opencv\include\opencv2\gpu</Filter>
    </ClInclude>
    <ClInclude Include="..\..\addons\ofxOpenCv\libs\opencv\include\opencv2\highgui\cap_ios.h">
      <Filter>addons\ofxOpenCv\libs\opencv\include\opencv2\highgui</Filter>
    </ClInclude>
    <ClInclude Include="..\..\addons\ofxOpenCv\libs\opencv\include\opencv2\highgui\highgui.hpp">
      <Filter>addons\ofxOpenCv\libs\opencv\include\opencv2\highgui</Filter>
    </ClInclude>
    <ClInclude Include="..\..\addons\ofxOpenCv\libs\opencv\include\opencv2\highgui\highgui_c.h">
      <Filter>addons\ofxOpenCv\libs\opencv\include\opencv2\highgui</Filter>
    </ClInclude>
    <ClInclude Include="..\..\addons\ofxOpenCv\libs\opencv\include\opencv2\highgui\ios.h">
      <Filter>addons\ofxOpenCv\libs\opencv\include\opencv2\highgui</Filter>
    </ClInclude>
    <ClInclude Include="..\..\addons\ofxOpenCv\libs\opencv\include\opencv2\imgproc\imgproc.hpp">
      <Filter>addons\ofxOpenCv\libs\opencv\include\opencv2\imgproc</Filter>
    </ClInclude>
    <ClInclude Include="..\..\addons\ofxOpenCv\libs\opencv\include\opencv2\imgproc\imgproc_c.h">
      <Filter>addons\ofxOpenCv\libs\opencv\include\opencv2\imgproc</Filter>
    </ClInclude>
    <ClInclude Include="..\..\addons\ofxOpenCv\libs\opencv\include\opencv2\imgproc\types_c.h">
      <Filter>addons\ofxOpenCv\libs\opencv\include\opencv2\imgproc</Filter>
    </ClInclude>
    <ClInclude Include="..\..\addons\ofxOpenCv\libs\opencv\include\opencv2\legacy\blobtrack.hpp">
      <Filter>addons\ofxOpenCv\libs\opencv\include\opencv2\legacy</Filter>
    </ClInclude>
    <ClInclude Include="..\..\addons\ofxOpenCv\libs\opencv\include\opencv2\legacy\compat.hpp">
      <Filter>addons\ofxOpenCv\libs\opencv\include\opencv2\legacy</Filter>
    </ClInclude>
    <ClInclude Include="..\..\addons\ofxOpenCv\libs\opencv\include\opencv2\legacy\legacy.hpp">
      <Filter>addons\ofxOpenCv\libs\opencv\include\opencv2\legacy</Filter>
    </ClInclude>
    <ClInclude Include="..\..\addons\ofxOpenCv\libs\opencv\include\opencv2\legacy\streams.hpp">
      <Filter>addons\ofxOpenCv\libs\opencv\include\opencv2\legacy</Filter>
    </ClInclude>
    <ClInclude Include="..\..\addons\ofxOpenCv\libs\opencv\include\opencv2\ml\ml.hpp">
      <Filter>addons\ofxOpenCv\libs\opencv\include\opencv2\ml</Filter>
    </ClInclude>
    <ClInclude Include="..\..\addons\ofxOpenCv\libs\opencv\include\opencv2\nonfree\features2d.hpp">
      <Filter>addons\ofxOpenCv\libs\opencv\include\opencv2\nonfree</Filter>
    </ClInclude>
    <ClInclude Include="..\..\addons\ofxOpenCv\libs\opencv\include\opencv2\nonfree\gpu.hpp">
      <Filter>addons\ofxOpenCv\libs\opencv\include\opencv2\nonfree</Filter>
    </ClInclude>
    <ClInclude Include="..\..\addons\ofxOpenCv\libs\opencv\include\opencv2\nonfree\nonfree.hpp">
      <Filter>addons\ofxOpenCv\libs\opencv\include\opencv2\nonfree</Filter>
    </ClInclude>
    <ClInclude Include="..\..\addons\ofxOpenCv\libs\opencv\include\opencv2\nonfree\ocl.hpp">
      <Filter>addons\ofxOpenCv\libs\opencv\include\opencv2\nonfree</Filter>
    </ClInclude>
    <ClInclude Include="..\..\addons\ofxOpenCv\libs\opencv\include\opencv2\objdetect\objdetect.hpp">
      <Filter>addons\ofxOpenCv\libs\opencv\include\opencv2\objdetect</Filter>
    </ClInclude>
    <ClInclude Include="..\..\addons\ofxOpenCv\libs\opencv\include\opencv2\opencv.hpp">
      <Filter>addons\ofxOpenCv\libs\opencv\include\opencv2</Filter>
    </ClInclude>
    <ClInclude Include="..\..\addons\ofxOpenCv\libs\opencv\include\opencv2\opencv_modules.hpp">
      <Filter>addons\ofxOpenCv\libs\opencv\include\opencv2</Filter>
    </ClInclude>
    <ClInclude Include="..\..\addons\ofxOpenCv\libs\opencv\include\opencv2\photo\photo.hpp">
      <Filter>addons\ofxOpenCv\libs\opencv\include\opencv2\photo</Filter>
    </ClInclude>
    <ClInclude Include="..\..\addons\ofxOpenCv\libs\opencv\include\opencv2\photo\photo_c.h">
      <Filter>addons\ofxOpenCv\libs\opencv\include\opencv2\photo</Filter>
    </ClInclude>
    <ClInclude Include="..\..\addons\ofxOpenCv\libs\opencv\include\opencv2\stitching\detail\autocalib.hpp">
      <Filter>addons\ofxOpenCv\libs\opencv\include\opencv2\stitching\detail</Filter>
    </ClInclude>
    <ClInclude Include="..\..\addons\ofxOpenCv\libs\opencv\include\opencv2\stitching\detail\blenders.hpp">
      <Filter>addons\ofxOpenCv\libs\opencv\include\opencv2\stitching\detail</Filter>
    </ClInclude>
    <ClInclude Include="..\..\addons\ofxOpenCv\libs\opencv\include\opencv2\stitching\detail\camera.hpp">
      <Filter>addons\ofxOpenCv\libs\opencv\include\opencv2\stitching\detail</Filter>
    </ClInclude>
    <ClInclude Include="..\..\addons\ofxOpenCv\libs\opencv\include\opencv2\stitching\detail\exposure_compensate.hpp">
      <Filter>addons\ofxOpenCv\libs\opencv\include\opencv2\stitching\detail</Filter>
    </ClInclude>
    <ClInclude Include="..\..\addons\ofxOpenCv\libs\opencv\include\opencv2\stitching\detail\matchers.hpp">
      <Filter>addons\ofxOpenCv\libs\opencv\include\opencv2\stitching\detail</Filter>
    </ClInclude>
    <ClInclude Include="..\..\addons\ofxOpenCv\libs\opencv\include\opencv2\stitching\detail\motion_estimators.hpp">
      <Filter>addons\ofxOpenCv\libs\opencv\include\opencv2\stitching\detail</Filter>
    </ClInclude>
    <ClInclude Include="..\..\addons\ofxOpenCv\libs\opencv\include\opencv2\stitching\detail\seam_finders.hpp">
      <Filter>addons\ofxOpenCv\libs\opencv\include\opencv2\stitching\detail</Filter>
    </ClInclude>
    <ClInclude Include="..\..\addons\ofxOpenCv\libs\opencv\include\opencv2\stitching\detail\util.hpp">
      <Filter>addons\ofxOpenCv\libs\opencv\include\opencv2\stitching\detail</Filter>
    </ClInclude>
    <ClInclude Include="..\..\addons\ofxOpenCv\libs\opencv\include\opencv2\stitching\detail\util_inl.hpp">
      <Filter>addons\ofxOpenCv\libs\opencv\include\opencv2\stitching\detail</Filter>
    </ClInclude>
    <ClInclude Include="..\..\addons\ofxOpenCv\libs\opencv\include\opencv2\stitching\detail\warpers.hpp">
      <Filter>addons\ofxOpenCv\libs\opencv\include\opencv2\stitching\detail</Filter>
    </ClInclude>
    <ClInclude Include="..\..\addons\ofxOpenCv\libs\opencv\include\opencv2\stitching\detail\warpers_inl.hpp">
      <Filter>addons\ofxOpenCv\libs\opencv\include\opencv2\stitching\detail</Filter>
    </ClInclude>
    <ClInclude Include="..\..\addons\ofxOpenCv\libs\opencv\include\opencv2\stitching\stitcher.hpp">
      <Filter>addons\ofxOpenCv\libs\opencv\include\opencv2\stitching</Filter>
    </ClInclude>
    <ClInclude Include="..\..\addons\ofxOpenCv\libs\opencv\include\opencv2\stitching\warpers.hpp">
      <Filter>addons\ofxOpenCv\libs\opencv\include\opencv2\stitching</Filter>
    </ClInclude>
    <ClInclude Include="..\..\addons\ofxOpenCv\libs\opencv\include\opencv2\superres\optical_flow.hpp">
      <Filter>addons\ofxOpenCv\libs\opencv\include\opencv2\superres</Filter>
    </ClInclude>
    <ClInclude Include="..\..\addons\ofxOpenCv\libs\opencv\include\opencv2\superres\superres.hpp">
      <Filter>addons\ofxOpenCv\libs\opencv\include\opencv2\superres</Filter>
    </ClInclude>
    <ClInclude Include="..\..\addons\ofxOpenCv\libs\opencv\include\opencv2\ts\gpu_perf.hpp">
      <Filter>addons\ofxOpenCv\libs\opencv\include\opencv2\ts</Filter>
    </ClInclude>
    <ClInclude Include="..\..\addons\ofxOpenCv\libs\opencv\include\opencv2\ts\gpu_test.hpp">
      <Filter>addons\ofxOpenCv\libs\opencv\include\opencv2\ts</Filter>
    </ClInclude>
    <ClInclude Include="..\..\addons\ofxOpenCv\libs\opencv\include\opencv2\ts\ts.hpp">
      <Filter>addons\ofxOpenCv\libs\opencv\include\opencv2\ts</Filter>
    </ClInclude>
    <ClInclude Include="..\..\addons\ofxOpenCv\libs\opencv\include\opencv2\ts\ts_gtest.h">
      <Filter>addons\ofxOpenCv\libs\opencv\include\opencv2\ts</Filter>
    </ClInclude>
    <ClInclude Include="..\..\addons\ofxOpenCv\libs\opencv\include\opencv2\ts\ts_perf.hpp">
      <Filter>addons\ofxOpenCv\libs\opencv\include\opencv2\ts</Filter>
    </ClInclude>
    <ClInclude Include="..\..\addons\ofxOpenCv\libs\opencv\include\opencv2\video\background_segm.hpp">
      <Filter>addons\ofxOpenCv\libs\opencv\include\opencv2\video</Filter>
    </ClInclude>
    <ClInclude Include="..\..\addons\ofxOpenCv\libs\opencv\include\opencv2\video\tracking.hpp">
      <Filter>addons\ofxOpenCv\libs\opencv\include\opencv2\video</Filter>
    </ClInclude>
    <ClInclude Include="..\..\addons\ofxOpenCv\libs\opencv\include\opencv2\video\video.hpp">
      <Filter>addons\ofxOpenCv\libs\opencv\include\opencv2\video</Filter>
    </ClInclude>
    <ClInclude Include="..\..\addons\ofxOpenCv\libs\opencv\include\opencv2\videostab\deblurring.hpp">
      <Filter>addons\ofxOpenCv\libs\opencv\include\opencv2\videostab</Filter>
    </ClInclude>
    <ClInclude Include="..\..\addons\ofxOpenCv\libs\opencv\include\opencv2\videostab\fast_marching.hpp">
      <Filter>addons\ofxOpenCv\libs\opencv\include\opencv2\videostab</Filter>
    </ClInclude>
    <ClInclude Include="..\..\addons\ofxOpenCv\libs\opencv\include\opencv2\videostab\fast_marching_inl.hpp">
      <Filter>addons\ofxOpenCv\libs\opencv\include\opencv2\videostab</Filter>
    </ClInclude>
    <ClInclude Include="..\..\addons\ofxOpenCv\libs\opencv\include\opencv2\videostab\frame_source.hpp">
      <Filter>addons\ofxOpenCv\libs\opencv\include\opencv2\videostab</Filter>
    </ClInclude>
    <ClInclude Include="..\..\addons\ofxOpenCv\libs\opencv\include\opencv2\videostab\global_motion.hpp">
      <Filter>addons\ofxOpenCv\libs\opencv\include\opencv2\videostab</Filter>
    </ClInclude>
    <ClInclude Include="..\..\addons\ofxOpenCv\libs\opencv\include\opencv2\videostab\inpainting.hpp">
      <Filter>addons\ofxOpenCv\libs\opencv\include\opencv2\videostab</Filter>
    </ClInclude>
    <ClInclude Include="..\..\addons\ofxOpenCv\libs\opencv\include\opencv2\videostab\log.hpp">
      <Filter>addons\ofxOpenCv\libs\opencv\include\opencv2\videostab</Filter>
    </ClInclude>
    <ClInclude Include="..\..\addons\ofxOpenCv\libs\opencv\include\opencv2\videostab\motion_stabilizing.hpp">
      <Filter>addons\ofxOpenCv\libs\opencv\include\opencv2\videostab</Filter>
    </ClInclude>
    <ClInclude Include="..\..\addons\ofxOpenCv\libs\opencv\include\opencv2\videostab\optical_flow.hpp">
      <Filter>addons\ofxOpenCv\libs\opencv\include\opencv2\videostab</Filter>
    </ClInclude>
    <ClInclude Include="..\..\addons\ofxOpenCv\libs\opencv\include\opencv2\videostab\stabilizer.hpp">
      <Filter>addons\ofxOpenCv\libs\opencv\include\opencv2\videostab</Filter>
    </ClInclude>
    <ClInclude Include="..\..\addons\ofxOpenCv\libs\opencv\include\opencv2\videostab\videostab.hpp">
      <Filter>addons\ofxOpenCv\libs\opencv\include\opencv2\videostab</Filter>
    </ClInclude>
    <ClInclude Include="..\..\addons\ofxVectorMath\src\ofxMatrix3x3.h">
      <Filter>addons\ofxVectorMath\src</Filter>
    </ClInclude>
    <ClInclude Include="..\..\addons\ofxVectorMath\src\ofxPoint2f.h">
      <Filter>addons\ofxVectorMath\src</Filter>
    </ClInclude>
    <ClInclude Include="..\..\addons\ofxVectorMath\src\ofxPoint3f.h">
      <Filter>addons\ofxVectorMath\src</Filter>
    </ClInclude>
    <ClInclude Include="..\..\addons\ofxVectorMath\src\ofxPoint4f.h">
      <Filter>addons\ofxVectorMath\src</Filter>
    </ClInclude>
    <ClInclude Include="..\..\addons\ofxVectorMath\src\ofxVec2f.h">
      <Filter>addons\ofxVectorMath\src</Filter>
    </ClInclude>
    <ClInclude Include="..\..\addons\ofxVectorMath\src\ofxVec3f.h">
      <Filter>addons\ofxVectorMath\src</Filter>
    </ClInclude>
    <ClInclude Include="..\..\addons\ofxVectorMath\src\ofxVec4f.h">
      <Filter>addons\ofxVectorMath\src</Filter>
    </ClInclude>
    <ClInclude Include="..\..\addons\ofxVectorMath\src\ofxVectorMath.h">
      <Filter>addons\ofxVectorMath\src</Filter>
    </ClInclude>
    <ClInclude Include="src-app\pbBinaryDenoiser.h">
      <Filter>src</Filter>
    </ClInclude>
    <ClInclude Include="src-app\pbForeground.h">
      <Filter>src</Filter>
    </ClInclude>
    <ClInclude Include="src-app\pbForegroundImpl.h">
      <Filter>src</Filter>
    </ClInclude>
    <ClInclude Include="src-app\PhysicsWorld.h">
      <Filter>src</Filter>
    </ClInclude>
    <ClInclude Include="src-app\App.h">
      <Filter>src</Filter>
    </ClInclude>
    <ClInclude Include="src-app\baseAppSettings.h">
      <Filter>src</Filter>
    </ClInclude>
    <ClInclude Include="src-app\FindContours.h">
      <Filter>src</Filter>
    </ClInclude>
    <ClInclude Include="src\testApp.h">
      <Filter>src</Filter>
    </ClInclude>
    <ClInclude Include="src\playbat-common\pbCalibrateRender.h">
      <Filter>src\calibrate</Filter>
    </ClInclude>
    <ClInclude Include="src\playbat-common\pbCameraCalibrate.h">
      <Filter>src\calibrate</Filter>
    </ClInclude>
    <ClInclude Include="src\common\converter.h">
      <Filter>src\common</Filter>
    </ClInclude>
    <ClInclude Include="src\common\parsing.h">
      <Filter>src\common</Filter>
    </ClInclude>
    <ClInclude Include="src\common\pbFiles.h">
      <Filter>src\common</Filter>
    </ClInclude>
    <ClInclude Include="src\videograbber\pbCLEye.h">
      <Filter>src\videograbber</Filter>
    </ClInclude>
    <ClInclude Include="src\videograbber\pbVideoCallback.h">
      <Filter>src\videograbber</Filter>
    </ClInclude>
    <ClInclude Include="src\videograbber\pbVideoGrabber.h">
      <Filter>src\videograbber</Filter>
    </ClInclude>
    <ClInclude Include="src\playbat-common\pbSystem.h">
      <Filter>src\playbat-common</Filter>
    </ClInclude>
    <ClInclude Include="src\playbat-common\pbTextureLiquid.h">
      <Filter>src\playbat-common</Filter>
    </ClInclude>
    <ClInclude Include="src\playbat-common\pbTextureUtil.h">
      <Filter>src\playbat-common</Filter>
    </ClInclude>
    <ClInclude Include="src\playbat-common\pbTransforming.h">
      <Filter>src\playbat-common</Filter>
    </ClInclude>
    <ClInclude Include="src\playbat-common\pbValueAnimation.h">
      <Filter>src\playbat-common</Filter>
    </ClInclude>
    <ClInclude Include="src\playbat-common\pbValueAnimation2d.h">
      <Filter>src\playbat-common</Filter>
    </ClInclude>
    <ClInclude Include="src\playbat-common\pcvConverter.h">
      <Filter>src\playbat-common</Filter>
    </ClInclude>
    <ClInclude Include="src\playbat-common\RunInfo.h">
      <Filter>src\playbat-common</Filter>
    </ClInclude>
    <ClInclude Include="src\playbat-common\Farneback.h">
      <Filter>src\playbat-common</Filter>
    </ClInclude>
    <ClInclude Include="src\playbat-common\ImageFiltering.h">
      <Filter>src\playbat-common</Filter>
    </ClInclude>
    <ClInclude Include="src\playbat-common\MediaLoader.h">
      <Filter>src\playbat-common</Filter>
    </ClInclude>
    <ClInclude Include="src\playbat-common\MotionBlob.h">
      <Filter>src\playbat-common</Filter>
    </ClInclude>
    <ClInclude Include="src\playbat-common\MouseDraw.h">
      <Filter>src\playbat-common</Filter>
    </ClInclude>
    <ClInclude Include="src\playbat-common\ofxArgs.h">
      <Filter>src\playbat-common</Filter>
    </ClInclude>
    <ClInclude Include="src\playbat-common\ofxFBOTexture.h">
      <Filter>src\playbat-common</Filter>
    </ClInclude>
    <ClInclude Include="src\playbat-common\ofxIniSettings.h">
      <Filter>src\playbat-common</Filter>
    </ClInclude>
    <ClInclude Include="src\playbat-common\pbBaseApp.h">
      <Filter>src\playbat-common</Filter>
    </ClInclude>
    <ClInclude Include="src\playbat-common\pbHaarDetector.h">
      <Filter>src\playbat-common</Filter>
    </ClInclude>
    <ClInclude Include="src\playbat-common\pbScreenFormat.h">
      <Filter>src\playbat-common</Filter>
    </ClInclude>
    <ClInclude Include="src\playbat-common\pbScreenGrab.h">
      <Filter>src\playbat-common</Filter>
    </ClInclude>
    <ClInclude Include="src\playbat-common\pbScreenLog.h">
      <Filter>src\playbat-common</Filter>
    </ClInclude>
    <ClInclude Include="src\product\paths.h">
      <Filter>src\playbat-common</Filter>
    </ClInclude>
  </ItemGroup>
  <ItemGroup>
    <ResourceCompile Include="icon.rc" />
  </ItemGroup>
</Project>